Microsoft Visual Studio Solution File, Format Version 12.00
# Visual Studio 2013
VisualStudioVersion = 12.0.31101.0
MinimumVisualStudioVersion = 10.0.40219.1
Project("{2150E333-8FDC-42A3-9474-1A3956D46DE8}") = ".paket", ".paket", "{63297B98-5CED-492C-A5B7-A5B4F73CF142}"
	ProjectSection(SolutionItems) = preProject
		paket.dependencies = paket.dependencies
		paket.lock = paket.lock
	EndProjectSection
EndProject
Project("{2150E333-8FDC-42A3-9474-1A3956D46DE8}") = "tests", "tests", "{ED8079DD-2B06-4030-9F0F-DC548F98E1C4}"
EndProject
Project("{F2A71F9B-5D33-465A-A702-920D77279786}") = "TeaDriven.Avalonia.LocalizationProvider.Tests", "tests\TeaDriven.Avalonia.LocalizationProvider.Tests\TeaDriven.Avalonia.LocalizationProvider.Tests.fsproj", "{CDED802E-3A4F-49ED-B12F-EB2976033A3D}"
EndProject
Project("{F2A71F9B-5D33-465A-A702-920D77279786}") = "TeaDriven.Avalonia.LocalizationProvider", "src\TeaDriven.Avalonia.LocalizationProvider\TeaDriven.Avalonia.LocalizationProvider.fsproj", "{120142F6-E216-4E7F-9290-665692319AC0}"
EndProject
Project("{2150E333-8FDC-42A3-9474-1A3956D46DE8}") = "Solution Files", "Solution Files", "{669ED78B-9846-4F66-BD1E-8D4DA444A1FB}"
	ProjectSection(SolutionItems) = preProject
		README.md = README.md
		global.json = global.json
	EndProjectSection
EndProject
Global
	GlobalSection(SolutionConfigurationPlatforms) = preSolution
		Debug|Any CPU = Debug|Any CPU
		Release|Any CPU = Release|Any CPU
	EndGlobalSection
	GlobalSection(ProjectConfigurationPlatforms) = postSolution
		{CDED802E-3A4F-49ED-B12F-EB2976033A3D}.Debug|Any CPU.ActiveCfg = Debug|Any CPU
		{CDED802E-3A4F-49ED-B12F-EB2976033A3D}.Debug|Any CPU.Build.0 = Debug|Any CPU
		{CDED802E-3A4F-49ED-B12F-EB2976033A3D}.Release|Any CPU.ActiveCfg = Release|Any CPU
		{CDED802E-3A4F-49ED-B12F-EB2976033A3D}.Release|Any CPU.Build.0 = Release|Any CPU
		{120142F6-E216-4E7F-9290-665692319AC0}.Debug|Any CPU.ActiveCfg = Debug|Any CPU
		{120142F6-E216-4E7F-9290-665692319AC0}.Debug|Any CPU.Build.0 = Debug|Any CPU
		{120142F6-E216-4E7F-9290-665692319AC0}.Release|Any CPU.ActiveCfg = Release|Any CPU
		{120142F6-E216-4E7F-9290-665692319AC0}.Release|Any CPU.Build.0 = Release|Any CPU
	EndGlobalSection
	GlobalSection(SolutionProperties) = preSolution
		HideSolutionNode = FALSE
	EndGlobalSection
	GlobalSection(NestedProjects) = preSolution
		{CDED802E-3A4F-49ED-B12F-EB2976033A3D} = {ED8079DD-2B06-4030-9F0F-DC548F98E1C4}
	EndGlobalSection
EndGlobal
